# This file is automatically @generated by Cargo.
# It is not intended for manual editing.
version = 4

[[package]]
name = "pty-runtime"
version = "0.1.0"
dependencies = [
 "pty-runtime-application",
 "pty-runtime-domain",
 "pty-runtime-infrastructure",
]

[[package]]
name = "pty-runtime-application"
version = "0.1.0"
dependencies = [
 "pty-runtime-domain",
]

[[package]]
name = "pty-runtime-domain"
version = "0.1.0"

[[package]]
name = "pty-runtime-infrastructure"
version = "0.1.0"
dependencies = [
 "pty-runtime-application",
 "pty-runtime-domain",
]
